// !$*UTF8*$!
{
	archiveVersion = 1;
	classes = {
	};
	objectVersion = 50;
	objects = {

/* Begin PBXBuildFile section */
		A23884D5229A5AAF00412DC6 /* PlaySoundsViewController+Audio.swift in Sources */ = {isa = PBXBuildFile; fileRef = A23884D4229A5AAF00412DC6 /* PlaySoundsViewController+Audio.swift */; };
		A23884D7229A669600412DC6 /* Constants.swift in Sources */ = {isa = PBXBuildFile; fileRef = A23884D6229A669600412DC6 /* Constants.swift */; };
		A23884D9229A67D800412DC6 /* UIViewController+alert.swift in Sources */ = {isa = PBXBuildFile; fileRef = A23884D8229A67D800412DC6 /* UIViewController+alert.swift */; };
		A276AB3B22997E8B00837E18 /* AppDelegate.swift in Sources */ = {isa = PBXBuildFile; fileRef = A276AB3A22997E8B00837E18 /* AppDelegate.swift */; };
		A276AB4022997E8B00837E18 /* Main.storyboard in Resources */ = {isa = PBXBuildFile; fileRef = A276AB3E22997E8B00837E18 /* Main.storyboard */; };
		A276AB4222997E8C00837E18 /* Assets.xcassets in Resources */ = {isa = PBXBuildFile; fileRef = A276AB4122997E8C00837E18 /* Assets.xcassets */; };
		A276AB4522997E8C00837E18 /* LaunchScreen.storyboard in Resources */ = {isa = PBXBuildFile; fileRef = A276AB4322997E8C00837E18 /* LaunchScreen.storyboard */; };
		A276AB5022997E8C00837E18 /* PitchPerfectTests.swift in Sources */ = {isa = PBXBuildFile; fileRef = A276AB4F22997E8C00837E18 /* PitchPerfectTests.swift */; };
		A276AB5B22997E8C00837E18 /* PitchPerfectUITests.swift in Sources */ = {isa = PBXBuildFile; fileRef = A276AB5A22997E8C00837E18 /* PitchPerfectUITests.swift */; };
		A276AB692299A95400837E18 /* RecordSoundsViewController.swift in Sources */ = {isa = PBXBuildFile; fileRef = A276AB682299A95400837E18 /* RecordSoundsViewController.swift */; };
		A276AB6B2299AA1E00837E18 /* PlaySoundsViewController.swift in Sources */ = {isa = PBXBuildFile; fileRef = A276AB6A2299AA1E00837E18 /* PlaySoundsViewController.swift */; };
/* End PBXBuildFile section */

/* Begin PBXContainerItemProxy section */
		A276AB4C22997E8C00837E18 /* PBXContainerItemProxy */ = {
			isa = PBXContainerItemProxy;
			containerPortal = A276AB2F22997E8B00837E18 /* Project object */;
			proxyType = 1;
			remoteGlobalIDString = A276AB3622997E8B00837E18;
			remoteInfo = PitchPerfect;
		};
		A276AB5722997E8C00837E18 /* PBXContainerItemProxy */ = {
			isa = PBXContainerItemProxy;
			containerPortal = A276AB2F22997E8B00837E18 /* Project object */;
			proxyType = 1;
			remoteGlobalIDString = A276AB3622997E8B00837E18;
			remoteInfo = PitchPerfect;
		};
/* End PBXContainerItemProxy section */

/* Begin PBXFileReference section */
		A23884D4229A5AAF00412DC6 /* PlaySoundsViewController+Audio.swift */ = {isa = PBXFileReference; lastKnownFileType = sourcecode.swift; path = "PlaySoundsViewController+Audio.swift"; sourceTree = "<group>"; };
		A23884D6229A669600412DC6 /* Constants.swift */ = {isa = PBXFileReference; lastKnownFileType = sourcecode.swift; path = Constants.swift; sourceTree = "<group>"; };
		A23884D8229A67D800412DC6 /* UIViewController+alert.swift */ = {isa = PBXFileReference; lastKnownFileType = sourcecode.swift; path = "UIViewController+alert.swift"; sourceTree = "<group>"; };
		A276AB3722997E8B00837E18 /* PitchPerfect.app */ = {isa = PBXFileReference; explicitFileType = wrapper.application; includeInIndex = 0; path = PitchPerfect.app; sourceTree = BUILT_PRODUCTS_DIR; };
		A276AB3A22997E8B00837E18 /* AppDelegate.swift */ = {isa = PBXFileReference; lastKnownFileType = sourcecode.swift; path = AppDelegate.swift; sourceTree = "<group>"; };
		A276AB3F22997E8B00837E18 /* Base */ = {isa = PBXFileReference; lastKnownFileType = file.storyboard; name = Base; path = Base.lproj/Main.storyboard; sourceTree = "<group>"; };
		A276AB4122997E8C00837E18 /* Assets.xcassets */ = {isa = PBXFileReference; lastKnownFileType = folder.assetcatalog; path = Assets.xcassets; sourceTree = "<group>"; };
		A276AB4422997E8C00837E18 /* Base */ = {isa = PBXFileReference; lastKnownFileType = file.storyboard; name = Base; path = Base.lproj/LaunchScreen.storyboard; sourceTree = "<group>"; };
		A276AB4622997E8C00837E18 /* Info.plist */ = {isa = PBXFileReference; lastKnownFileType = text.plist.xml; path = Info.plist; sourceTree = "<group>"; };
		A276AB4B22997E8C00837E18 /* PitchPerfectTests.xctest */ = {isa = PBXFileReference; explicitFileType = wrapper.cfbundle; includeInIndex = 0; path = PitchPerfectTests.xctest; sourceTree = BUILT_PRODUCTS_DIR; };
		A276AB4F22997E8C00837E18 /* PitchPerfectTests.swift */ = {isa = PBXFileReference; lastKnownFileType = sourcecode.swift; path = PitchPerfectTests.swift; sourceTree = "<group>"; };
		A276AB5122997E8C00837E18 /* Info.plist */ = {isa = PBXFileReference; lastKnownFileType = text.plist.xml; path = Info.plist; sourceTree = "<group>"; };
		A276AB5622997E8C00837E18 /* PitchPerfectUITests.xctest */ = {isa = PBXFileReference; explicitFileType = wrapper.cfbundle; includeInIndex = 0; path = PitchPerfectUITests.xctest; sourceTree = BUILT_PRODUCTS_DIR; };
		A276AB5A22997E8C00837E18 /* PitchPerfectUITests.swift */ = {isa = PBXFileReference; lastKnownFileType = sourcecode.swift; path = PitchPerfectUITests.swift; sourceTree = "<group>"; };
		A276AB5C22997E8D00837E18 /* Info.plist */ = {isa = PBXFileReference; lastKnownFileType = text.plist.xml; path = Info.plist; sourceTree = "<group>"; };
		A276AB682299A95400837E18 /* RecordSoundsViewController.swift */ = {isa = PBXFileReference; fileEncoding = 4; lastKnownFileType = sourcecode.swift; path = RecordSoundsViewController.swift; sourceTree = "<group>"; };
		A276AB6A2299AA1E00837E18 /* PlaySoundsViewController.swift */ = {isa = PBXFileReference; lastKnownFileType = sourcecode.swift; path = PlaySoundsViewController.swift; sourceTree = "<group>"; };
/* End PBXFileReference section */

/* Begin PBXFrameworksBuildPhase section */
		A276AB3422997E8B00837E18 /* Frameworks */ = {
			isa = PBXFrameworksBuildPhase;
			buildActionMask = 2147483647;
			files = (
			);
			runOnlyForDeploymentPostprocessing = 0;
		};
		A276AB4822997E8C00837E18 /* Frameworks */ = {
			isa = PBXFrameworksBuildPhase;
			buildActionMask = 2147483647;
			files = (
			);
			runOnlyForDeploymentPostprocessing = 0;
		};
		A276AB5322997E8C00837E18 /* Frameworks */ = {
			isa = PBXFrameworksBuildPhase;
			buildActionMask = 2147483647;
			files = (
			);
			runOnlyForDeploymentPostprocessing = 0;
		};
/* End PBXFrameworksBuildPhase section */

/* Begin PBXGroup section */
		A23884DA229A698300412DC6 /* Extensions */ = {
			isa = PBXGroup;
			children = (
				A23884D4229A5AAF00412DC6 /* PlaySoundsViewController+Audio.swift */,
				A23884D8229A67D800412DC6 /* UIViewController+alert.swift */,
			);
			path = Extensions;
			sourceTree = "<group>";
		};
		A23884DB229A699400412DC6 /* ViewController */ = {
			isa = PBXGroup;
			children = (
				A276AB682299A95400837E18 /* RecordSoundsViewController.swift */,
				A276AB6A2299AA1E00837E18 /* PlaySoundsViewController.swift */,
			);
			path = ViewController;
			sourceTree = "<group>";
		};
		A276AB2E22997E8B00837E18 = {
			isa = PBXGroup;
			children = (
				A276AB3922997E8B00837E18 /* PitchPerfect */,
				A276AB4E22997E8C00837E18 /* PitchPerfectTests */,
				A276AB5922997E8C00837E18 /* PitchPerfectUITests */,
				A276AB3822997E8B00837E18 /* Products */,
			);
			sourceTree = "<group>";
		};
		A276AB3822997E8B00837E18 /* Products */ = {
			isa = PBXGroup;
			children = (
				A276AB3722997E8B00837E18 /* PitchPerfect.app */,
				A276AB4B22997E8C00837E18 /* PitchPerfectTests.xctest */,
				A276AB5622997E8C00837E18 /* PitchPerfectUITests.xctest */,
			);
			name = Products;
			sourceTree = "<group>";
		};
		A276AB3922997E8B00837E18 /* PitchPerfect */ = {
			isa = PBXGroup;
			children = (
				A276AB3A22997E8B00837E18 /* AppDelegate.swift */,
				A23884DB229A699400412DC6 /* ViewController */,
				A23884DA229A698300412DC6 /* Extensions */,
				A276AB3E22997E8B00837E18 /* Main.storyboard */,
				A276AB4122997E8C00837E18 /* Assets.xcassets */,
				A276AB4322997E8C00837E18 /* LaunchScreen.storyboard */,
				A276AB4622997E8C00837E18 /* Info.plist */,
				A23884D6229A669600412DC6 /* Constants.swift */,
			);
			path = PitchPerfect;
			sourceTree = "<group>";
		};
		A276AB4E22997E8C00837E18 /* PitchPerfectTests */ = {
			isa = PBXGroup;
			children = (
				A276AB4F22997E8C00837E18 /* PitchPerfectTests.swift */,
				A276AB5122997E8C00837E18 /* Info.plist */,
			);
			path = PitchPerfectTests;
			sourceTree = "<group>";
		};
		A276AB5922997E8C00837E18 /* PitchPerfectUITests */ = {
			isa = PBXGroup;
			children = (
				A276AB5A22997E8C00837E18 /* PitchPerfectUITests.swift */,
				A276AB5C22997E8D00837E18 /* Info.plist */,
			);
			path = PitchPerfectUITests;
			sourceTree = "<group>";
		};
/* End PBXGroup section */

/* Begin PBXNativeTarget section */
		A276AB3622997E8B00837E18 /* PitchPerfect */ = {
			isa = PBXNativeTarget;
			buildConfigurationList = A276AB5F22997E8D00837E18 /* Build configuration list for PBXNativeTarget "PitchPerfect" */;
			buildPhases = (
				A276AB3322997E8B00837E18 /* Sources */,
				A276AB3422997E8B00837E18 /* Frameworks */,
				A276AB3522997E8B00837E18 /* Resources */,
			);
			buildRules = (
			);
			dependencies = (
			);
			name = PitchPerfect;
			productName = PitchPerfect;
			productReference = A276AB3722997E8B00837E18 /* PitchPerfect.app */;
			productType = "com.apple.product-type.application";
		};
		A276AB4A22997E8C00837E18 /* PitchPerfectTests */ = {
			isa = PBXNativeTarget;
			buildConfigurationList = A276AB6222997E8D00837E18 /* Build configuration list for PBXNativeTarget "PitchPerfectTests" */;
			buildPhases = (
				A276AB4722997E8C00837E18 /* Sources */,
				A276AB4822997E8C00837E18 /* Frameworks */,
				A276AB4922997E8C00837E18 /* Resources */,
			);
			buildRules = (
			);
			dependencies = (
				A276AB4D22997E8C00837E18 /* PBXTargetDependency */,
			);
			name = PitchPerfectTests;
			productName = PitchPerfectTests;
			productReference = A276AB4B22997E8C00837E18 /* PitchPerfectTests.xctest */;
			productType = "com.apple.product-type.bundle.unit-test";
		};
		A276AB5522997E8C00837E18 /* PitchPerfectUITests */ = {
			isa = PBXNativeTarget;
			buildConfigurationList = A276AB6522997E8D00837E18 /* Build configuration list for PBXNativeTarget "PitchPerfectUITests" */;
			buildPhases = (
				A276AB5222997E8C00837E18 /* Sources */,
				A276AB5322997E8C00837E18 /* Frameworks */,
				A276AB5422997E8C00837E18 /* Resources */,
			);
			buildRules = (
			);
			dependencies = (
				A276AB5822997E8C00837E18 /* PBXTargetDependency */,
			);
			name = PitchPerfectUITests;
			productName = PitchPerfectUITests;
			productReference = A276AB5622997E8C00837E18 /* PitchPerfectUITests.xctest */;
			productType = "com.apple.product-type.bundle.ui-testing";
		};
/* End PBXNativeTarget section */

/* Begin PBXProject section */
		A276AB2F22997E8B00837E18 /* Project object */ = {
			isa = PBXProject;
			attributes = {
				LastSwiftUpdateCheck = 1010;
				LastUpgradeCheck = 1010;
				ORGANIZATIONNAME = "Jha, Vasudha";
				TargetAttributes = {
					A276AB3622997E8B00837E18 = {
						CreatedOnToolsVersion = 10.1;
					};
					A276AB4A22997E8C00837E18 = {
						CreatedOnToolsVersion = 10.1;
						TestTargetID = A276AB3622997E8B00837E18;
					};
					A276AB5522997E8C00837E18 = {
						CreatedOnToolsVersion = 10.1;
						TestTargetID = A276AB3622997E8B00837E18;
					};
				};
			};
			buildConfigurationList = A276AB3222997E8B00837E18 /* Build configuration list for PBXProject "PitchPerfect" */;
			compatibilityVersion = "Xcode 9.3";
			developmentRegion = en;
			hasScannedForEncodings = 0;
			knownRegions = (
				en,
				Base,
			);
			mainGroup = A276AB2E22997E8B00837E18;
			productRefGroup = A276AB3822997E8B00837E18 /* Products */;
			projectDirPath = "";
			projectRoot = "";
			targets = (
				A276AB3622997E8B00837E18 /* PitchPerfect */,
				A276AB4A22997E8C00837E18 /* PitchPerfectTests */,
				A276AB5522997E8C00837E18 /* PitchPerfectUITests */,
			);
		};
/* End PBXProject section */

/* Begin PBXResourcesBuildPhase section */
		A276AB3522997E8B00837E18 /* Resources */ = {
			isa = PBXResourcesBuildPhase;
			buildActionMask = 2147483647;
			files = (
				A276AB4522997E8C00837E18 /* LaunchScreen.storyboard in Resources */,
				A276AB4222997E8C00837E18 /* Assets.xcassets in Resources */,
				A276AB4022997E8B00837E18 /* Main.storyboard in Resources */,
			);
			runOnlyForDeploymentPostprocessing = 0;
		};
		A276AB4922997E8C00837E18 /* Resources */ = {
			isa = PBXResourcesBuildPhase;
			buildActionMask = 2147483647;
			files = (
			);
			runOnlyForDeploymentPostprocessing = 0;
		};
		A276AB5422997E8C00837E18 /* Resources */ = {
			isa = PBXResourcesBuildPhase;
			buildActionMask = 2147483647;
			files = (
			);
			runOnlyForDeploymentPostprocessing = 0;
		};
/* End PBXResourcesBuildPhase section */

/* Begin PBXSourcesBuildPhase section */
		A276AB3322997E8B00837E18 /* Sources */ = {
			isa = PBXSourcesBuildPhase;
			buildActionMask = 2147483647;
			files = (
				A23884D7229A669600412DC6 /* Constants.swift in Sources */,
				A276AB692299A95400837E18 /* RecordSoundsViewController.swift in Sources */,
				A23884D9229A67D800412DC6 /* UIViewController+alert.swift in Sources */,
				A23884D5229A5AAF00412DC6 /* PlaySoundsViewController+Audio.swift in Sources */,
				A276AB6B2299AA1E00837E18 /* PlaySoundsViewController.swift in Sources */,
				A276AB3B22997E8B00837E18 /* AppDelegate.swift in Sources */,
			);
			runOnlyForDeploymentPostprocessing = 0;
		};
		A276AB4722997E8C00837E18 /* Sources */ = {
			isa = PBXSourcesBuildPhase;
			buildActionMask = 2147483647;
			files = (
				A276AB5022997E8C00837E18 /* PitchPerfectTests.swift in Sources */,
			);
			runOnlyForDeploymentPostprocessing = 0;
		};
		A276AB5222997E8C00837E18 /* Sources */ = {
			isa = PBXSourcesBuildPhase;
			buildActionMask = 2147483647;
			files = (
				A276AB5B22997E8C00837E18 /* PitchPerfectUITests.swift in Sources */,
			);
			runOnlyForDeploymentPostprocessing = 0;
		};
/* End PBXSourcesBuildPhase section */

/* Begin PBXTargetDependency section */
		A276AB4D22997E8C00837E18 /* PBXTargetDependency */ = {
			isa = PBXTargetDependency;
			target = A276AB3622997E8B00837E18 /* PitchPerfect */;
			targetProxy = A276AB4C22997E8C00837E18 /* PBXContainerItemProxy */;
		};
		A276AB5822997E8C00837E18 /* PBXTargetDependency */ = {
			isa = PBXTargetDependency;
			target = A276AB3622997E8B00837E18 /* PitchPerfect */;
			targetProxy = A276AB5722997E8C00837E18 /* PBXContainerItemProxy */;
		};
/* End PBXTargetDependency section */

/* Begin PBXVariantGroup section */
		A276AB3E22997E8B00837E18 /* Main.storyboard */ = {
			isa = PBXVariantGroup;
			children = (
				A276AB3F22997E8B00837E18 /* Base */,
			);
			name = Main.storyboard;
			sourceTree = "<group>";
		};
		A276AB4322997E8C00837E18 /* LaunchScreen.storyboard */ = {
			isa = PBXVariantGroup;
			children = (
				A276AB4422997E8C00837E18 /* Base */,
			);
			name = LaunchScreen.storyboard;
			sourceTree = "<group>";
		};
/* End PBXVariantGroup section */

/* Begin XCBuildConfiguration section */
		A276AB5D22997E8D00837E18 /* Debug */ = {
			isa = XCBuildConfiguration;
			buildSettings = {
				ALWAYS_SEARCH_USER_PATHS = NO;
				CLANG_ANALYZER_NONNULL = YES;
				CLANG_ANALYZER_NUMBER_OBJECT_CONVERSION = YES_AGGRESSIVE;
				CLANG_CXX_LANGUAGE_STANDARD = "gnu++14";
				CLANG_CXX_LIBRARY = "libc++";
				CLANG_ENABLE_MODULES = YES;
				CLANG_ENABLE_OBJC_ARC = YES;
				CLANG_ENABLE_OBJC_WEAK = YES;
				CLANG_WARN_BLOCK_CAPTURE_AUTORELEASING = YES;
				CLANG_WARN_BOOL_CONVERSION = YES;
				CLANG_WARN_COMMA = YES;
				CLANG_WARN_CONSTANT_CONVERSION = YES;
				CLANG_WARN_DEPRECATED_OBJC_IMPLEMENTATIONS = YES;
				CLANG_WARN_DIRECT_OBJC_ISA_USAGE = YES_ERROR;
				CLANG_WARN_DOCUMENTATION_COMMENTS = YES;
				CLANG_WARN_EMPTY_BODY = YES;
				CLANG_WARN_ENUM_CONVERSION = YES;
				CLANG_WARN_INFINITE_RECURSION = YES;
				CLANG_WARN_INT_CONVERSION = YES;
				CLANG_WARN_NON_LITERAL_NULL_CONVERSION = YES;
				CLANG_WARN_OBJC_IMPLICIT_RETAIN_SELF = YES;
				CLANG_WARN_OBJC_LITERAL_CONVERSION = YES;
				CLANG_WARN_OBJC_ROOT_CLASS = YES_ERROR;
				CLANG_WARN_RANGE_LOOP_ANALYSIS = YES;
				CLANG_WARN_STRICT_PROTOTYPES = YES;
				CLANG_WARN_SUSPICIOUS_MOVE = YES;
				CLANG_WARN_UNGUARDED_AVAILABILITY = YES_AGGRESSIVE;
				CLANG_WARN_UNREACHABLE_CODE = YES;
				CLANG_WARN__DUPLICATE_METHOD_MATCH = YES;
				CODE_SIGN_IDENTITY = "iPhone Developer";
				COPY_PHASE_STRIP = NO;
				DEBUG_INFORMATION_FORMAT = dwarf;
				ENABLE_STRICT_OBJC_MSGSEND = YES;
				ENABLE_TESTABILITY = YES;
				GCC_C_LANGUAGE_STANDARD = gnu11;
				GCC_DYNAMIC_NO_PIC = NO;
				GCC_NO_COMMON_BLOCKS = YES;
				GCC_OPTIMIZATION_LEVEL = 0;
				GCC_PREPROCESSOR_DEFINITIONS = (
					"DEBUG=1",
					"$(inherited)",
				);
				GCC_WARN_64_TO_32_BIT_CONVERSION = YES;
				GCC_WARN_ABOUT_RETURN_TYPE = YES_ERROR;
				GCC_WARN_UNDECLARED_SELECTOR = YES;
				GCC_WARN_UNINITIALIZED_AUTOS = YES_AGGRESSIVE;
				GCC_WARN_UNUSED_FUNCTION = YES;
				GCC_WARN_UNUSED_VARIABLE = YES;
				IPHONEOS_DEPLOYMENT_TARGET = 12.1;
				MTL_ENABLE_DEBUG_INFO = INCLUDE_SOURCE;
				MTL_FAST_MATH = YES;
				ONLY_ACTIVE_ARCH = YES;
				SDKROOT = iphoneos;
				SWIFT_ACTIVE_COMPILATION_CONDITIONS = DEBUG;
				SWIFT_OPTIMIZATION_LEVEL = "-Onone";
			};
			name = Debug;
		};
		A276AB5E22997E8D00837E18 /* Release */ = {
			isa = XCBuildConfiguration;
			buildSettings = {
				ALWAYS_SEARCH_USER_PATHS = NO;
				CLANG_ANALYZER_NONNULL = YES;
				CLANG_ANALYZER_NUMBER_OBJECT_CONVERSION = YES_AGGRESSIVE;
				CLANG_CXX_LANGUAGE_STANDARD = "gnu++14";
				CLANG_CXX_LIBRARY = "libc++";
				CLANG_ENABLE_MODULES = YES;
				CLANG_ENABLE_OBJC_ARC = YES;
				CLANG_ENABLE_OBJC_WEAK = YES;
				CLANG_WARN_BLOCK_CAPTURE_AUTORELEASING = YES;
				CLANG_WARN_BOOL_CONVERSION = YES;
				CLANG_WARN_COMMA = YES;
				CLANG_WARN_CONSTANT_CONVERSION = YES;
				CLANG_WARN_DEPRECATED_OBJC_IMPLEMENTATIONS = YES;
				CLANG_WARN_DIRECT_OBJC_ISA_USAGE = YES_ERROR;
				CLANG_WARN_DOCUMENTATION_COMMENTS = YES;
				CLANG_WARN_EMPTY_BODY = YES;
				CLANG_WARN_ENUM_CONVERSION = YES;
				CLANG_WARN_INFINITE_RECURSION = YES;
				CLANG_WARN_INT_CONVERSION = YES;
				CLANG_WARN_NON_LITERAL_NULL_CONVERSION = YES;
				CLANG_WARN_OBJC_IMPLICIT_RETAIN_SELF = YES;
				CLANG_WARN_OBJC_LITERAL_CONVERSION = YES;
				CLANG_WARN_OBJC_ROOT_CLASS = YES_ERROR;
				CLANG_WARN_RANGE_LOOP_ANALYSIS = YES;
				CLANG_WARN_STRICT_PROTOTYPES = YES;
				CLANG_WARN_SUSPICIOUS_MOVE = YES;
				CLANG_WARN_UNGUARDED_AVAILABILITY = YES_AGGRESSIVE;
				CLANG_WARN_UNREACHABLE_CODE = YES;
				CLANG_WARN__DUPLICATE_METHOD_MATCH = YES;
				CODE_SIGN_IDENTITY = "iPhone Developer";
				COPY_PHASE_STRIP = NO;
				DEBUG_INFORMATION_FORMAT = "dwarf-with-dsym";
				ENABLE_NS_ASSERTIONS = NO;
				ENABLE_STRICT_OBJC_MSGSEND = YES;
				GCC_C_LANGUAGE_STANDARD = gnu11;
				GCC_NO_COMMON_BLOCKS = YES;
				GCC_WARN_64_TO_32_BIT_CONVERSION = YES;
				GCC_WARN_ABOUT_RETURN_TYPE = YES_ERROR;
				GCC_WARN_UNDECLARED_SELECTOR = YES;
				GCC_WARN_UNINITIALIZED_AUTOS = YES_AGGRESSIVE;
				GCC_WARN_UNUSED_FUNCTION = YES;
				GCC_WARN_UNUSED_VARIABLE = YES;
				IPHONEOS_DEPLOYMENT_TARGET = 12.1;
				MTL_ENABLE_DEBUG_INFO = NO;
				MTL_FAST_MATH = YES;
				SDKROOT = iphoneos;
				SWIFT_COMPILATION_MODE = wholemodule;
				SWIFT_OPTIMIZATION_LEVEL = "-O";
				VALIDATE_PRODUCT = YES;
			};
			name = Release;
		};
		A276AB6022997E8D00837E18 /* Debug */ = {
			isa = XCBuildConfiguration;
			buildSettings = {
				ASSETCATALOG_COMPILER_APPICON_NAME = AppIcon;
				CODE_SIGN_STYLE = Automatic;
				INFOPLIST_FILE = PitchPerfect/Info.plist;
				LD_RUNPATH_SEARCH_PATHS = (
					"$(inherited)",
					"@executable_path/Frameworks",
				);
				PRODUCT_BUNDLE_IDENTIFIER = com.vasudha.PitchPerfect;
				PRODUCT_NAME = "$(TARGET_NAME)";
				SWIFT_VERSION = 4.2;
				TARGETED_DEVICE_FAMILY = "1,2";
			};
			name = Debug;
		};
		A276AB6122997E8D00837E18 /* Release */ = {
			isa = XCBuildConfiguration;
			buildSettings = {
				ASSETCATALOG_COMPILER_APPICON_NAME = AppIcon;
				CODE_SIGN_STYLE = Automatic;
				INFOPLIST_FILE = PitchPerfect/Info.plist;
				LD_RUNPATH_SEARCH_PATHS = (
					"$(inherited)",
					"@executable_path/Frameworks",
				);
				PRODUCT_BUNDLE_IDENTIFIER = com.vasudha.PitchPerfect;
				PRODUCT_NAME = "$(TARGET_NAME)";
				SWIFT_VERSION = 4.2;
				TARGETED_DEVICE_FAMILY = "1,2";
			};
			name = Release;
		};
		A276AB6322997E8D00837E18 /* Debug */ = {
			isa = XCBuildConfiguration;
			buildSettings = {
				ALWAYS_EMBED_SWIFT_STANDARD_LIBRARIES = YES;
				BUNDLE_LOADER = "$(TEST_HOST)";
				CODE_SIGN_STYLE = Automatic;
				INFOPLIST_FILE = PitchPerfectTests/Info.plist;
				LD_RUNPATH_SEARCH_PATHS = (
					"$(inherited)",
					"@executable_path/Frameworks",
					"@loader_path/Frameworks",
				);
				PRODUCT_BUNDLE_IDENTIFIER = com.vasudha.PitchPerfectTests;
				PRODUCT_NAME = "$(TARGET_NAME)";
				SWIFT_VERSION = 4.2;
				TARGETED_DEVICE_FAMILY = "1,2";
				TEST_HOST = "$(BUILT_PRODUCTS_DIR)/PitchPerfect.app/PitchPerfect";
			};
			name = Debug;
		};
		A276AB6422997E8D00837E18 /* Release */ = {
			isa = XCBuildConfiguration;
			buildSettings = {
				ALWAYS_EMBED_SWIFT_STANDARD_LIBRARIES = YES;
				BUNDLE_LOADER = "$(TEST_HOST)";
				CODE_SIGN_STYLE = Automatic;
				INFOPLIST_FILE = PitchPerfectTests/Info.plist;
				LD_RUNPATH_SEARCH_PATHS = (
					"$(inherited)",
					"@executable_path/Frameworks",
					"@loader_path/Frameworks",
				);
				PRODUCT_BUNDLE_IDENTIFIER = com.vasudha.PitchPerfectTests;
				PRODUCT_NAME = "$(TARGET_NAME)";
				SWIFT_VERSION = 4.2;
				TARGETED_DEVICE_FAMILY = "1,2";
				TEST_HOST = "$(BUILT_PRODUCTS_DIR)/PitchPerfect.app/PitchPerfect";
			};
			name = Release;
		};
		A276AB6622997E8D00837E18 /* Debug */ = {
			isa = XCBuildConfiguration;
			buildSettings = {
				ALWAYS_EMBED_SWIFT_STANDARD_LIBRARIES = YES;
				CODE_SIGN_STYLE = Automatic;
				INFOPLIST_FILE = PitchPerfectUITests/Info.plist;
				LD_RUNPATH_SEARCH_PATHS = (
					"$(inherited)",
					"@executable_path/Frameworks",
					"@loader_path/Frameworks",
				);
				PRODUCT_BUNDLE_IDENTIFIER = com.vasudha.PitchPerfectUITests;
				PRODUCT_NAME = "$(TARGET_NAME)";
				SWIFT_VERSION = 4.2;
				TARGETED_DEVICE_FAMILY = "1,2";
				TEST_TARGET_NAME = PitchPerfect;
			};
			name = Debug;
		};
		A276AB6722997E8D00837E18 /* Release */ = {
			isa = XCBuildConfiguration;
			buildSettings = {
				ALWAYS_EMBED_SWIFT_STANDARD_LIBRARIES = YES;
				CODE_SIGN_STYLE = Automatic;
				INFOPLIST_FILE = PitchPerfectUITests/Info.plist;
				LD_RUNPATH_SEARCH_PATHS = (
					"$(inherited)",
					"@executable_path/Frameworks",
					"@loader_path/Frameworks",
				);
				PRODUCT_BUNDLE_IDENTIFIER = com.vasudha.PitchPerfectUITests;
				PRODUCT_NAME = "$(TARGET_NAME)";
				SWIFT_VERSION = 4.2;
				TARGETED_DEVICE_FAMILY = "1,2";
				TEST_TARGET_NAME = PitchPerfect;
			};
			name = Release;
		};
/* End XCBuildConfiguration section */

/* Begin XCConfigurationList section */
		A276AB3222997E8B00837E18 /* Build configuration list for PBXProject "PitchPerfect" */ = {
			isa = XCConfigurationList;
			buildConfigurations = (
				A276AB5D22997E8D00837E18 /* Debug */,
				A276AB5E22997E8D00837E18 /* Release */,
			);
			defaultConfigurationIsVisible = 0;
			defaultConfigurationName = Release;
		};
		A276AB5F22997E8D00837E18 /* Build configuration list for PBXNativeTarget "PitchPerfect" */ = {
			isa = XCConfigurationList;
			buildConfigurations = (
				A276AB6022997E8D00837E18 /* Debug */,
				A276AB6122997E8D00837E18 /* Release */,
			);
			defaultConfigurationIsVisible = 0;
			defaultConfigurationName = Release;
		};
		A276AB6222997E8D00837E18 /* Build configuration list for PBXNativeTarget "PitchPerfectTests" */ = {
			isa = XCConfigurationList;
			buildConfigurations = (
				A276AB6322997E8D00837E18 /* Debug */,
				A276AB6422997E8D00837E18 /* Release */,
			);
			defaultConfigurationIsVisible = 0;
			defaultConfigurationName = Release;
		};
		A276AB6522997E8D00837E18 /* Build configuration list for PBXNativeTarget "PitchPerfectUITests" */ = {
			isa = XCConfigurationList;
			buildConfigurations = (
				A276AB6622997E8D00837E18 /* Debug */,
				A276AB6722997E8D00837E18 /* Release */,
			);
			defaultConfigurationIsVisible = 0;
			defaultConfigurationName = Release;
		};
/* End XCConfigurationList section */
	};
	rootObject = A276AB2F22997E8B00837E18 /* Project object */;
}
